// !$*UTF8*$!
{
	archiveVersion = 1;
	classes = {
	};
	objectVersion = 77;
	objects = {

/* Begin PBXContainerItemProxy section */
		D3DA3BF92ED4E07700671E9A /* PBXContainerItemProxy */ = {
			isa = PBXContainerItemProxy;
			containerPortal = D3DA3BE32ED4E07600671E9A /* Project object */;
			proxyType = 1;
			remoteGlobalIDString = D3DA3BEA2ED4E07600671E9A;
			remoteInfo = TaskSharingSQliteData;
		};
		D3DA3C032ED4E07700671E9A /* PBXContainerItemProxy */ = {
			isa = PBXContainerItemProxy;
			containerPortal = D3DA3BE32ED4E07600671E9A /* Project object */;
			proxyType = 1;
			remoteGlobalIDString = D3DA3BEA2ED4E07600671E9A;
			remoteInfo = TaskSharingSQliteData;
		};
/* End PBXContainerItemProxy section */

/* Begin PBXFileReference section */
		D3DA3BEB2ED4E07600671E9A /* TaskSharingSQliteData.app */ = {isa = PBXFileReference; explicitFileType = wrapper.application; includeInIndex = 0; path = TaskSharingSQliteData.app; sourceTree = BUILT_PRODUCTS_DIR; };
		D3DA3BF82ED4E07700671E9A /* TaskSharingSQliteDataTests.xctest */ = {isa = PBXFileReference; explicitFileType = wrapper.cfbundle; includeInIndex = 0; path = TaskSharingSQliteDataTests.xctest; sourceTree = BUILT_PRODUCTS_DIR; };
		D3DA3C022ED4E07700671E9A /* TaskSharingSQliteDataUITests.xctest */ = {isa = PBXFileReference; explicitFileType = wrapper.cfbundle; includeInIndex = 0; path = TaskSharingSQliteDataUITests.xctest; sourceTree = BUILT_PRODUCTS_DIR; };
/* End PBXFileReference section */

/* Begin PBXFileSystemSynchronizedRootGroup section */
		D3DA3BED2ED4E07600671E9A /* TaskSharingSQliteData */ = {
			isa = PBXFileSystemSynchronizedRootGroup;
			path = TaskSharingSQliteData;
			sourceTree = "<group>";
		};
		D3DA3BFB2ED4E07700671E9A /* TaskSharingSQliteDataTests */ = {
			isa = PBXFileSystemSynchronizedRootGroup;
			path = TaskSharingSQliteDataTests;
			sourceTree = "<group>";
		};
		D3DA3C052ED4E07700671E9A /* TaskSharingSQliteDataUITests */ = {
			isa = PBXFileSystemSynchronizedRootGroup;
			path = TaskSharingSQliteDataUITests;
			sourceTree = "<group>";
		};
/* End PBXFileSystemSynchronizedRootGroup section */

/* Begin PBXFrameworksBuildPhase section */
		D3DA3BE82ED4E07600671E9A /* Frameworks */ = {
			isa = PBXFrameworksBuildPhase;
			buildActionMask = 2147483647;
			files = (
			);
			runOnlyForDeploymentPostprocessing = 0;
		};
		D3DA3BF52ED4E07700671E9A /* Frameworks */ = {
			isa = PBXFrameworksBuildPhase;
			buildActionMask = 2147483647;
			files = (
			);
			runOnlyForDeploymentPostprocessing = 0;
		};
		D3DA3BFF2ED4E07700671E9A /* Frameworks */ = {
			isa = PBXFrameworksBuildPhase;
			buildActionMask = 2147483647;
			files = (
			);
			runOnlyForDeploymentPostprocessing = 0;
		};
/* End PBXFrameworksBuildPhase section */

/* Begin PBXGroup section */
		D3DA3BE22ED4E07600671E9A = {
			isa = PBXGroup;
			children = (
				D3DA3BED2ED4E07600671E9A /* TaskSharingSQliteData */,
				D3DA3BFB2ED4E07700671E9A /* TaskSharingSQliteDataTests */,
				D3DA3C052ED4E07700671E9A /* TaskSharingSQliteDataUITests */,
				D3DA3BEC2ED4E07600671E9A /* Products */,
			);
			sourceTree = "<group>";
		};
		D3DA3BEC2ED4E07600671E9A /* Products */ = {
			isa = PBXGroup;
			children = (
				D3DA3BEB2ED4E07600671E9A /* TaskSharingSQliteData.app */,
				D3DA3BF82ED4E07700671E9A /* TaskSharingSQliteDataTests.xctest */,
				D3DA3C022ED4E07700671E9A /* TaskSharingSQliteDataUITests.xctest */,
			);
			name = Products;
			sourceTree = "<group>";
		};
/* End PBXGroup section */

/* Begin PBXNativeTarget section */
		D3DA3BEA2ED4E07600671E9A /* TaskSharingSQliteData */ = {
			isa = PBXNativeTarget;
			buildConfigurationList = D3DA3C0C2ED4E07700671E9A /* Build configuration list for PBXNativeTarget "TaskSharingSQliteData" */;
			buildPhases = (
				D3DA3BE72ED4E07600671E9A /* Sources */,
				D3DA3BE82ED4E07600671E9A /* Frameworks */,
				D3DA3BE92ED4E07600671E9A /* Resources */,
			);
			buildRules = (
			);
			dependencies = (
			);
			fileSystemSynchronizedGroups = (
				D3DA3BED2ED4E07600671E9A /* TaskSharingSQliteData */,
			);
			name = TaskSharingSQliteData;
			packageProductDependencies = (
			);
			productName = TaskSharingSQliteData;
			productReference = D3DA3BEB2ED4E07600671E9A /* TaskSharingSQliteData.app */;
			productType = "com.apple.product-type.application";
		};
		D3DA3BF72ED4E07700671E9A /* TaskSharingSQliteDataTests */ = {
			isa = PBXNativeTarget;
			buildConfigurationList = D3DA3C0F2ED4E07700671E9A /* Build configuration list for PBXNativeTarget "TaskSharingSQliteDataTests" */;
			buildPhases = (
				D3DA3BF42ED4E07700671E9A /* Sources */,
				D3DA3BF52ED4E07700671E9A /* Frameworks */,
				D3DA3BF62ED4E07700671E9A /* Resources */,
			);
			buildRules = (
			);
			dependencies = (
				D3DA3BFA2ED4E07700671E9A /* PBXTargetDependency */,
			);
			fileSystemSynchronizedGroups = (
				D3DA3BFB2ED4E07700671E9A /* TaskSharingSQliteDataTests */,
			);
			name = TaskSharingSQliteDataTests;
			packageProductDependencies = (
			);
			productName = TaskSharingSQliteDataTests;
			productReference = D3DA3BF82ED4E07700671E9A /* TaskSharingSQliteDataTests.xctest */;
			productType = "com.apple.product-type.bundle.unit-test";
		};
		D3DA3C012ED4E07700671E9A /* TaskSharingSQliteDataUITests */ = {
			isa = PBXNativeTarget;
			buildConfigurationList = D3DA3C122ED4E07700671E9A /* Build configuration list for PBXNativeTarget "TaskSharingSQliteDataUITests" */;
			buildPhases = (
				D3DA3BFE2ED4E07700671E9A /* Sources */,
				D3DA3BFF2ED4E07700671E9A /* Frameworks */,
				D3DA3C002ED4E07700671E9A /* Resources */,
			);
			buildRules = (
			);
			dependencies = (
				D3DA3C042ED4E07700671E9A /* PBXTargetDependency */,
			);
			fileSystemSynchronizedGroups = (
				D3DA3C052ED4E07700671E9A /* TaskSharingSQliteDataUITests */,
			);
			name = TaskSharingSQliteDataUITests;
			packageProductDependencies = (
			);
			productName = TaskSharingSQliteDataUITests;
			productReference = D3DA3C022ED4E07700671E9A /* TaskSharingSQliteDataUITests.xctest */;
			productType = "com.apple.product-type.bundle.ui-testing";
		};
/* End PBXNativeTarget section */

/* Begin PBXProject section */
		D3DA3BE32ED4E07600671E9A /* Project object */ = {
			isa = PBXProject;
			attributes = {
				BuildIndependentTargetsInParallel = 1;
				LastSwiftUpdateCheck = 2600;
				LastUpgradeCheck = 2600;
				TargetAttributes = {
					D3DA3BEA2ED4E07600671E9A = {
						CreatedOnToolsVersion = 26.0;
					};
					D3DA3BF72ED4E07700671E9A = {
						CreatedOnToolsVersion = 26.0;
						TestTargetID = D3DA3BEA2ED4E07600671E9A;
					};
					D3DA3C012ED4E07700671E9A = {
						CreatedOnToolsVersion = 26.0;
						TestTargetID = D3DA3BEA2ED4E07600671E9A;
					};
				};
			};
			buildConfigurationList = D3DA3BE62ED4E07600671E9A /* Build configuration list for PBXProject "TaskSharingSQliteData" */;
			developmentRegion = en;
			hasScannedForEncodings = 0;
			knownRegions = (
				en,
				Base,
			);
			mainGroup = D3DA3BE22ED4E07600671E9A;
			minimizedProjectReferenceProxies = 1;
			preferredProjectObjectVersion = 77;
			productRefGroup = D3DA3BEC2ED4E07600671E9A /* Products */;
			projectDirPath = "";
			projectRoot = "";
			targets = (
				D3DA3BEA2ED4E07600671E9A /* TaskSharingSQliteData */,
				D3DA3BF72ED4E07700671E9A /* TaskSharingSQliteDataTests */,
				D3DA3C012ED4E07700671E9A /* TaskSharingSQliteDataUITests */,
			);
		};
/* End PBXProject section */

/* Begin PBXResourcesBuildPhase section */
		D3DA3BE92ED4E07600671E9A /* Resources */ = {
			isa = PBXResourcesBuildPhase;
			buildActionMask = 2147483647;
			files = (
			);
			runOnlyForDeploymentPostprocessing = 0;
		};
		D3DA3BF62ED4E07700671E9A /* Resources */ = {
			isa = PBXResourcesBuildPhase;
			buildActionMask = 2147483647;
			files = (
			);
			runOnlyForDeploymentPostprocessing = 0;
		};
		D3DA3C002ED4E07700671E9A /* Resources */ = {
			isa = PBXResourcesBuildPhase;
			buildActionMask = 2147483647;
			files = (
			);
			runOnlyForDeploymentPostprocessing = 0;
		};
/* End PBXResourcesBuildPhase section */

/* Begin PBXSourcesBuildPhase section */
		D3DA3BE72ED4E07600671E9A /* Sources */ = {
			isa = PBXSourcesBuildPhase;
			buildActionMask = 2147483647;
			files = (
			);
			runOnlyForDeploymentPostprocessing = 0;
		};
		D3DA3BF42ED4E07700671E9A /* Sources */ = {
			isa = PBXSourcesBuildPhase;
			buildActionMask = 2147483647;
			files = (
			);
			runOnlyForDeploymentPostprocessing = 0;
		};
		D3DA3BFE2ED4E07700671E9A /* Sources */ = {
			isa = PBXSourcesBuildPhase;
			buildActionMask = 2147483647;
			files = (
			);
			runOnlyForDeploymentPostprocessing = 0;
		};
/* End PBXSourcesBuildPhase section */

/* Begin PBXTargetDependency section */
		D3DA3BFA2ED4E07700671E9A /* PBXTargetDependency */ = {
			isa = PBXTargetDependency;
			target = D3DA3BEA2ED4E07600671E9A /* TaskSharingSQliteData */;
			targetProxy = D3DA3BF92ED4E07700671E9A /* PBXContainerItemProxy */;
		};
		D3DA3C042ED4E07700671E9A /* PBXTargetDependency */ = {
			isa = PBXTargetDependency;
			target = D3DA3BEA2ED4E07600671E9A /* TaskSharingSQliteData */;
			targetProxy = D3DA3C032ED4E07700671E9A /* PBXContainerItemProxy */;
		};
/* End PBXTargetDependency section */

/* Begin XCBuildConfiguration section */
		D3DA3C0A2ED4E07700671E9A /* Debug */ = {
			isa = XCBuildConfiguration;
			buildSettings = {
				ALWAYS_SEARCH_USER_PATHS = NO;
				ASSETCATALOG_COMPILER_GENERATE_SWIFT_ASSET_SYMBOL_EXTENSIONS = YES;
				CLANG_ANALYZER_NONNULL = YES;
				CLANG_ANALYZER_NUMBER_OBJECT_CONVERSION = YES_AGGRESSIVE;
				CLANG_CXX_LANGUAGE_STANDARD = "gnu++20";
				CLANG_ENABLE_MODULES = YES;
				CLANG_ENABLE_OBJC_ARC = YES;
				CLANG_ENABLE_OBJC_WEAK = YES;
				CLANG_WARN_BLOCK_CAPTURE_AUTORELEASING = YES;
				CLANG_WARN_BOOL_CONVERSION = YES;
				CLANG_WARN_COMMA = YES;
				CLANG_WARN_CONSTANT_CONVERSION = YES;
				CLANG_WARN_DEPRECATED_OBJC_IMPLEMENTATIONS = YES;
				CLANG_WARN_DIRECT_OBJC_ISA_USAGE = YES_ERROR;
				CLANG_WARN_DOCUMENTATION_COMMENTS = YES;
				CLANG_WARN_EMPTY_BODY = YES;
				CLANG_WARN_ENUM_CONVERSION = YES;
				CLANG_WARN_INFINITE_RECURSION = YES;
				CLANG_WARN_INT_CONVERSION = YES;
				CLANG_WARN_NON_LITERAL_NULL_CONVERSION = YES;
				CLANG_WARN_OBJC_IMPLICIT_RETAIN_SELF = YES;
				CLANG_WARN_OBJC_LITERAL_CONVERSION = YES;
				CLANG_WARN_OBJC_ROOT_CLASS = YES_ERROR;
				CLANG_WARN_QUOTED_INCLUDE_IN_FRAMEWORK_HEADER = YES;
				CLANG_WARN_RANGE_LOOP_ANALYSIS = YES;
				CLANG_WARN_STRICT_PROTOTYPES = YES;
				CLANG_WARN_SUSPICIOUS_MOVE = YES;
				CLANG_WARN_UNGUARDED_AVAILABILITY = YES_AGGRESSIVE;
				CLANG_WARN_UNREACHABLE_CODE = YES;
				CLANG_WARN__DUPLICATE_METHOD_MATCH = YES;
				COPY_PHASE_STRIP = NO;
				DEBUG_INFORMATION_FORMAT = dwarf;
				DEVELOPMENT_TEAM = FL9Y5AAB4D;
				ENABLE_STRICT_OBJC_MSGSEND = YES;
				ENABLE_TESTABILITY = YES;
				ENABLE_USER_SCRIPT_SANDBOXING = YES;
				GCC_C_LANGUAGE_STANDARD = gnu17;
				GCC_DYNAMIC_NO_PIC = NO;
				GCC_NO_COMMON_BLOCKS = YES;
				GCC_OPTIMIZATION_LEVEL = 0;
				GCC_PREPROCESSOR_DEFINITIONS = (
					"DEBUG=1",
					"$(inherited)",
				);
				GCC_WARN_64_TO_32_BIT_CONVERSION = YES;
				GCC_WARN_ABOUT_RETURN_TYPE = YES_ERROR;
				GCC_WARN_UNDECLARED_SELECTOR = YES;
				GCC_WARN_UNINITIALIZED_AUTOS = YES_AGGRESSIVE;
				GCC_WARN_UNUSED_FUNCTION = YES;
				GCC_WARN_UNUSED_VARIABLE = YES;
				IPHONEOS_DEPLOYMENT_TARGET = 26.0;
				LOCALIZATION_PREFERS_STRING_CATALOGS = YES;
				MTL_ENABLE_DEBUG_INFO = INCLUDE_SOURCE;
				MTL_FAST_MATH = YES;
				ONLY_ACTIVE_ARCH = YES;
				SDKROOT = iphoneos;
				SWIFT_ACTIVE_COMPILATION_CONDITIONS = "DEBUG $(inherited)";
				SWIFT_OPTIMIZATION_LEVEL = "-Onone";
			};
			name = Debug;
		};
		D3DA3C0B2ED4E07700671E9A /* Release */ = {
			isa = XCBuildConfiguration;
			buildSettings = {
				ALWAYS_SEARCH_USER_PATHS = NO;
				ASSETCATALOG_COMPILER_GENERATE_SWIFT_ASSET_SYMBOL_EXTENSIONS = YES;
				CLANG_ANALYZER_NONNULL = YES;
				CLANG_ANALYZER_NUMBER_OBJECT_CONVERSION = YES_AGGRESSIVE;
				CLANG_CXX_LANGUAGE_STANDARD = "gnu++20";
				CLANG_ENABLE_MODULES = YES;
				CLANG_ENABLE_OBJC_ARC = YES;
				CLANG_ENABLE_OBJC_WEAK = YES;
				CLANG_WARN_BLOCK_CAPTURE_AUTORELEASING = YES;
				CLANG_WARN_BOOL_CONVERSION = YES;
				CLANG_WARN_COMMA = YES;
				CLANG_WARN_CONSTANT_CONVERSION = YES;
				CLANG_WARN_DEPRECATED_OBJC_IMPLEMENTATIONS = YES;
				CLANG_WARN_DIRECT_OBJC_ISA_USAGE = YES_ERROR;
				CLANG_WARN_DOCUMENTATION_COMMENTS = YES;
				CLANG_WARN_EMPTY_BODY = YES;
				CLANG_WARN_ENUM_CONVERSION = YES;
				CLANG_WARN_INFINITE_RECURSION = YES;
				CLANG_WARN_INT_CONVERSION = YES;
				CLANG_WARN_NON_LITERAL_NULL_CONVERSION = YES;
				CLANG_WARN_OBJC_IMPLICIT_RETAIN_SELF = YES;
				CLANG_WARN_OBJC_LITERAL_CONVERSION = YES;
				CLANG_WARN_OBJC_ROOT_CLASS = YES_ERROR;
				CLANG_WARN_QUOTED_INCLUDE_IN_FRAMEWORK_HEADER = YES;
				CLANG_WARN_RANGE_LOOP_ANALYSIS = YES;
				CLANG_WARN_STRICT_PROTOTYPES = YES;
				CLANG_WARN_SUSPICIOUS_MOVE = YES;
				CLANG_WARN_UNGUARDED_AVAILABILITY = YES_AGGRESSIVE;
				CLANG_WARN_UNREACHABLE_CODE = YES;
				CLANG_WARN__DUPLICATE_METHOD_MATCH = YES;
				COPY_PHASE_STRIP = NO;
				DEBUG_INFORMATION_FORMAT = "dwarf-with-dsym";
				DEVELOPMENT_TEAM = FL9Y5AAB4D;
				ENABLE_NS_ASSERTIONS = NO;
				ENABLE_STRICT_OBJC_MSGSEND = YES;
				ENABLE_USER_SCRIPT_SANDBOXING = YES;
				GCC_C_LANGUAGE_STANDARD = gnu17;
				GCC_NO_COMMON_BLOCKS = YES;
				GCC_WARN_64_TO_32_BIT_CONVERSION = YES;
				GCC_WARN_ABOUT_RETURN_TYPE = YES_ERROR;
				GCC_WARN_UNDECLARED_SELECTOR = YES;
				GCC_WARN_UNINITIALIZED_AUTOS = YES_AGGRESSIVE;
				GCC_WARN_UNUSED_FUNCTION = YES;
				GCC_WARN_UNUSED_VARIABLE = YES;
				IPHONEOS_DEPLOYMENT_TARGET = 26.0;
				LOCALIZATION_PREFERS_STRING_CATALOGS = YES;
				MTL_ENABLE_DEBUG_INFO = NO;
				MTL_FAST_MATH = YES;
				SDKROOT = iphoneos;
				SWIFT_COMPILATION_MODE = wholemodule;
				VALIDATE_PRODUCT = YES;
			};
			name = Release;
		};
		D3DA3C0D2ED4E07700671E9A /* Debug */ = {
			isa = XCBuildConfiguration;
			buildSettings = {
				ASSETCATALOG_COMPILER_APPICON_NAME = AppIcon;
				ASSETCATALOG_COMPILER_GLOBAL_ACCENT_COLOR_NAME = AccentColor;
				CODE_SIGN_STYLE = Automatic;
				CURRENT_PROJECT_VERSION = 1;
				DEVELOPMENT_TEAM = FL9Y5AAB4D;
				ENABLE_PREVIEWS = YES;
				GENERATE_INFOPLIST_FILE = YES;
				INFOPLIST_KEY_UIApplicationSceneManifest_Generation = YES;
				INFOPLIST_KEY_UIApplicationSupportsIndirectInputEvents = YES;
				INFOPLIST_KEY_UILaunchScreen_Generation = YES;
				INFOPLIST_KEY_UISupportedInterfaceOrientations_iPad = "UIInterfaceOrientationPortrait UIInterfaceOrientationPortraitUpsideDown UIInterfaceOrientationLandscapeLeft UIInterfaceOrientationLandscapeRight";
				INFOPLIST_KEY_UISupportedInterfaceOrientations_iPhone = "UIInterfaceOrientationPortrait UIInterfaceOrientationLandscapeLeft UIInterfaceOrientationLandscapeRight";
				LD_RUNPATH_SEARCH_PATHS = (
					"$(inherited)",
					"@executable_path/Frameworks",
				);
				MARKETING_VERSION = 1.0;
				PRODUCT_BUNDLE_IDENTIFIER = bennowo.TaskSharingSQliteData;
				PRODUCT_NAME = "$(TARGET_NAME)";
				STRING_CATALOG_GENERATE_SYMBOLS = YES;
				SWIFT_APPROACHABLE_CONCURRENCY = YES;
				SWIFT_DEFAULT_ACTOR_ISOLATION = MainActor;
				SWIFT_EMIT_LOC_STRINGS = YES;
				SWIFT_UPCOMING_FEATURE_MEMBER_IMPORT_VISIBILITY = YES;
				SWIFT_VERSION = 5.0;
				TARGETED_DEVICE_FAMILY = "1,2";
			};
			name = Debug;
		};
		D3DA3C0E2ED4E07700671E9A /* Release */ = {
			isa = XCBuildConfiguration;
			buildSettings = {
				ASSETCATALOG_COMPILER_APPICON_NAME = AppIcon;
				ASSETCATALOG_COMPILER_GLOBAL_ACCENT_COLOR_NAME = AccentColor;
				CODE_SIGN_STYLE = Automatic;
				CURRENT_PROJECT_VERSION = 1;
				DEVELOPMENT_TEAM = FL9Y5AAB4D;
				ENABLE_PREVIEWS = YES;
				GENERATE_INFOPLIST_FILE = YES;
				INFOPLIST_KEY_UIApplicationSceneManifest_Generation = YES;
				INFOPLIST_KEY_UIApplicationSupportsIndirectInputEvents = YES;
				INFOPLIST_KEY_UILaunchScreen_Generation = YES;
				INFOPLIST_KEY_UISupportedInterfaceOrientations_iPad = "UIInterfaceOrientationPortrait UIInterfaceOrientationPortraitUpsideDown UIInterfaceOrientationLandscapeLeft UIInterfaceOrientationLandscapeRight";
				INFOPLIST_KEY_UISupportedInterfaceOrientations_iPhone = "UIInterfaceOrientationPortrait UIInterfaceOrientationLandscapeLeft UIInterfaceOrientationLandscapeRight";
				LD_RUNPATH_SEARCH_PATHS = (
					"$(inherited)",
					"@executable_path/Frameworks",
				);
				MARKETING_VERSION = 1.0;
				PRODUCT_BUNDLE_IDENTIFIER = bennowo.TaskSharingSQliteData;
				PRODUCT_NAME = "$(TARGET_NAME)";
				STRING_CATALOG_GENERATE_SYMBOLS = YES;
				SWIFT_APPROACHABLE_CONCURRENCY = YES;
				SWIFT_DEFAULT_ACTOR_ISOLATION = MainActor;
				SWIFT_EMIT_LOC_STRINGS = YES;
				SWIFT_UPCOMING_FEATURE_MEMBER_IMPORT_VISIBILITY = YES;
				SWIFT_VERSION = 5.0;
				TARGETED_DEVICE_FAMILY = "1,2";
			};
			name = Release;
		};
		D3DA3C102ED4E07700671E9A /* Debug */ = {
			isa = XCBuildConfiguration;
			buildSettings = {
				BUNDLE_LOADER = "$(TEST_HOST)";
				CODE_SIGN_STYLE = Automatic;
				CURRENT_PROJECT_VERSION = 1;
				DEVELOPMENT_TEAM = FL9Y5AAB4D;
				GENERATE_INFOPLIST_FILE = YES;
				IPHONEOS_DEPLOYMENT_TARGET = 26.0;
				MARKETING_VERSION = 1.0;
				PRODUCT_BUNDLE_IDENTIFIER = bennowo.TaskSharingSQliteDataTests;
				PRODUCT_NAME = "$(TARGET_NAME)";
				STRING_CATALOG_GENERATE_SYMBOLS = NO;
				SWIFT_APPROACHABLE_CONCURRENCY = YES;
				SWIFT_EMIT_LOC_STRINGS = NO;
				SWIFT_UPCOMING_FEATURE_MEMBER_IMPORT_VISIBILITY = YES;
				SWIFT_VERSION = 5.0;
				TARGETED_DEVICE_FAMILY = "1,2";
				TEST_HOST = "$(BUILT_PRODUCTS_DIR)/TaskSharingSQliteData.app/$(BUNDLE_EXECUTABLE_FOLDER_PATH)/TaskSharingSQliteData";
			};
			name = Debug;
		};
		D3DA3C112ED4E07700671E9A /* Release */ = {
			isa = XCBuildConfiguration;
			buildSettings = {
				BUNDLE_LOADER = "$(TEST_HOST)";
				CODE_SIGN_STYLE = Automatic;
				CURRENT_PROJECT_VERSION = 1;
				DEVELOPMENT_TEAM = FL9Y5AAB4D;
				GENERATE_INFOPLIST_FILE = YES;
				IPHONEOS_DEPLOYMENT_TARGET = 26.0;
				MARKETING_VERSION = 1.0;
				PRODUCT_BUNDLE_IDENTIFIER = bennowo.TaskSharingSQliteDataTests;
				PRODUCT_NAME = "$(TARGET_NAME)";
				STRING_CATALOG_GENERATE_SYMBOLS = NO;
				SWIFT_APPROACHABLE_CONCURRENCY = YES;
				SWIFT_EMIT_LOC_STRINGS = NO;
				SWIFT_UPCOMING_FEATURE_MEMBER_IMPORT_VISIBILITY = YES;
				SWIFT_VERSION = 5.0;
				TARGETED_DEVICE_FAMILY = "1,2";
				TEST_HOST = "$(BUILT_PRODUCTS_DIR)/TaskSharingSQliteData.app/$(BUNDLE_EXECUTABLE_FOLDER_PATH)/TaskSharingSQliteData";
			};
			name = Release;
		};
		D3DA3C132ED4E07700671E9A /* Debug */ = {
			isa = XCBuildConfiguration;
			buildSettings = {
				CODE_SIGN_STYLE = Automatic;
				CURRENT_PROJECT_VERSION = 1;
				DEVELOPMENT_TEAM = FL9Y5AAB4D;
				GENERATE_INFOPLIST_FILE = YES;
				MARKETING_VERSION = 1.0;
				PRODUCT_BUNDLE_IDENTIFIER = bennowo.TaskSharingSQliteDataUITests;
				PRODUCT_NAME = "$(TARGET_NAME)";
				STRING_CATALOG_GENERATE_SYMBOLS = NO;
				SWIFT_APPROACHABLE_CONCURRENCY = YES;
				SWIFT_EMIT_LOC_STRINGS = NO;
				SWIFT_UPCOMING_FEATURE_MEMBER_IMPORT_VISIBILITY = YES;
				SWIFT_VERSION = 5.0;
				TARGETED_DEVICE_FAMILY = "1,2";
				TEST_TARGET_NAME = TaskSharingSQliteData;
			};
			name = Debug;
		};
		D3DA3C142ED4E07700671E9A /* Release */ = {
			isa = XCBuildConfiguration;
			buildSettings = {
				CODE_SIGN_STYLE = Automatic;
				CURRENT_PROJECT_VERSION = 1;
				DEVELOPMENT_TEAM = FL9Y5AAB4D;
				GENERATE_INFOPLIST_FILE = YES;
				MARKETING_VERSION = 1.0;
				PRODUCT_BUNDLE_IDENTIFIER = bennowo.TaskSharingSQliteDataUITests;
				PRODUCT_NAME = "$(TARGET_NAME)";
				STRING_CATALOG_GENERATE_SYMBOLS = NO;
				SWIFT_APPROACHABLE_CONCURRENCY = YES;
				SWIFT_EMIT_LOC_STRINGS = NO;
				SWIFT_UPCOMING_FEATURE_MEMBER_IMPORT_VISIBILITY = YES;
				SWIFT_VERSION = 5.0;
				TARGETED_DEVICE_FAMILY = "1,2";
				TEST_TARGET_NAME = TaskSharingSQliteData;
			};
			name = Release;
		};
/* End XCBuildConfiguration section */

/* Begin XCConfigurationList section */
		D3DA3BE62ED4E07600671E9A /* Build configuration list for PBXProject "TaskSharingSQliteData" */ = {
			isa = XCConfigurationList;
			buildConfigurations = (
				D3DA3C0A2ED4E07700671E9A /* Debug */,
				D3DA3C0B2ED4E07700671E9A /* Release */,
			);
			defaultConfigurationIsVisible = 0;
			defaultConfigurationName = Release;
		};
		D3DA3C0C2ED4E07700671E9A /* Build configuration list for PBXNativeTarget "TaskSharingSQliteData" */ = {
			isa = XCConfigurationList;
			buildConfigurations = (
				D3DA3C0D2ED4E07700671E9A /* Debug */,
				D3DA3C0E2ED4E07700671E9A /* Release */,
			);
			defaultConfigurationIsVisible = 0;
			defaultConfigurationName = Release;
		};
		D3DA3C0F2ED4E07700671E9A /* Build configuration list for PBXNativeTarget "TaskSharingSQliteDataTests" */ = {
			isa = XCConfigurationList;
			buildConfigurations = (
				D3DA3C102ED4E07700671E9A /* Debug */,
				D3DA3C112ED4E07700671E9A /* Release */,
			);
			defaultConfigurationIsVisible = 0;
			defaultConfigurationName = Release;
		};
		D3DA3C122ED4E07700671E9A /* Build configuration list for PBXNativeTarget "TaskSharingSQliteDataUITests" */ = {
			isa = XCConfigurationList;
			buildConfigurations = (
				D3DA3C132ED4E07700671E9A /* Debug */,
				D3DA3C142ED4E07700671E9A /* Release */,
			);
			defaultConfigurationIsVisible = 0;
			defaultConfigurationName = Release;
		};
/* End XCConfigurationList section */
	};
	rootObject = D3DA3BE32ED4E07600671E9A /* Project object */;
}
